// !$*UTF8*$!
{
	archiveVersion = 1;
	classes = {
	};
	objectVersion = 46;
	objects = {

/* Begin PBXBuildFile section */
		99FF9D041A8D03E700398200 /* AppDelegate.swift in Sources */ = {isa = PBXBuildFile; fileRef = 99FF9D031A8D03E700398200 /* AppDelegate.swift */; };
		99FF9D061A8D03E700398200 /* ViewController.swift in Sources */ = {isa = PBXBuildFile; fileRef = 99FF9D051A8D03E700398200 /* ViewController.swift */; };
		99FF9D091A8D03E700398200 /* Main.storyboard in Resources */ = {isa = PBXBuildFile; fileRef = 99FF9D071A8D03E700398200 /* Main.storyboard */; };
		99FF9D0B1A8D03E700398200 /* Images.xcassets in Resources */ = {isa = PBXBuildFile; fileRef = 99FF9D0A1A8D03E700398200 /* Images.xcassets */; };
		99FF9D0E1A8D03E700398200 /* LaunchScreen.xib in Resources */ = {isa = PBXBuildFile; fileRef = 99FF9D0C1A8D03E700398200 /* LaunchScreen.xib */; };
		99FF9D1A1A8D03E700398200 /* TipCalculatorClassTests.swift in Sources */ = {isa = PBXBuildFile; fileRef = 99FF9D191A8D03E700398200 /* TipCalculatorClassTests.swift */; };
/* End PBXBuildFile section */

/* Begin PBXContainerItemProxy section */
		99FF9D141A8D03E700398200 /* PBXContainerItemProxy */ = {
			isa = PBXContainerItemProxy;
			containerPortal = 99FF9CF61A8D03E700398200 /* Project object */;
			proxyType = 1;
			remoteGlobalIDString = 99FF9CFD1A8D03E700398200;
			remoteInfo = TipCalculatorClass;
		};
/* End PBXContainerItemProxy section */

/* Begin PBXFileReference section */
		99FF9CFE1A8D03E700398200 /* TipCalculatorClass.app */ = {isa = PBXFileReference; explicitFileType = wrapper.application; includeInIndex = 0; path = TipCalculatorClass.app; sourceTree = BUILT_PRODUCTS_DIR; };
		99FF9D021A8D03E700398200 /* Info.plist */ = {isa = PBXFileReference; lastKnownFileType = text.plist.xml; path = Info.plist; sourceTree = "<group>"; };
		99FF9D031A8D03E700398200 /* AppDelegate.swift */ = {isa = PBXFileReference; lastKnownFileType = sourcecode.swift; path = AppDelegate.swift; sourceTree = "<group>"; };
		99FF9D051A8D03E700398200 /* ViewController.swift */ = {isa = PBXFileReference; lastKnownFileType = sourcecode.swift; path = ViewController.swift; sourceTree = "<group>"; };
		99FF9D081A8D03E700398200 /* Base */ = {isa = PBXFileReference; lastKnownFileType = file.storyboard; name = Base; path = Base.lproj/Main.storyboard; sourceTree = "<group>"; };
		99FF9D0A1A8D03E700398200 /* Images.xcassets */ = {isa = PBXFileReference; lastKnownFileType = folder.assetcatalog; path = Images.xcassets; sourceTree = "<group>"; };
		99FF9D0D1A8D03E700398200 /* Base */ = {isa = PBXFileReference; lastKnownFileType = file.xib; name = Base; path = Base.lproj/LaunchScreen.xib; sourceTree = "<group>"; };
		99FF9D131A8D03E700398200 /* TipCalculatorClassTests.xctest */ = {isa = PBXFileReference; explicitFileType = wrapper.cfbundle; includeInIndex = 0; path = TipCalculatorClassTests.xctest; sourceTree = BUILT_PRODUCTS_DIR; };
		99FF9D181A8D03E700398200 /* Info.plist */ = {isa = PBXFileReference; lastKnownFileType = text.plist.xml; path = Info.plist; sourceTree = "<group>"; };
		99FF9D191A8D03E700398200 /* TipCalculatorClassTests.swift */ = {isa = PBXFileReference; lastKnownFileType = sourcecode.swift; path = TipCalculatorClassTests.swift; sourceTree = "<group>"; };
/* End PBXFileReference section */

/* Begin PBXFrameworksBuildPhase section */
		99FF9CFB1A8D03E700398200 /* Frameworks */ = {
			isa = PBXFrameworksBuildPhase;
			buildActionMask = 2147483647;
			files = (
			);
			runOnlyForDeploymentPostprocessing = 0;
		};
		99FF9D101A8D03E700398200 /* Frameworks */ = {
			isa = PBXFrameworksBuildPhase;
			buildActionMask = 2147483647;
			files = (
			);
			runOnlyForDeploymentPostprocessing = 0;
		};
/* End PBXFrameworksBuildPhase section */

/* Begin PBXGroup section */
		99FF9CF51A8D03E700398200 = {
			isa = PBXGroup;
			children = (
				99FF9D001A8D03E700398200 /* TipCalculatorClass */,
				99FF9D161A8D03E700398200 /* TipCalculatorClassTests */,
				99FF9CFF1A8D03E700398200 /* Products */,
			);
			sourceTree = "<group>";
		};
		99FF9CFF1A8D03E700398200 /* Products */ = {
			isa = PBXGroup;
			children = (
				99FF9CFE1A8D03E700398200 /* TipCalculatorClass.app */,
				99FF9D131A8D03E700398200 /* TipCalculatorClassTests.xctest */,
			);
			name = Products;
			sourceTree = "<group>";
		};
		99FF9D001A8D03E700398200 /* TipCalculatorClass */ = {
			isa = PBXGroup;
			children = (
				99FF9D031A8D03E700398200 /* AppDelegate.swift */,
				99FF9D051A8D03E700398200 /* ViewController.swift */,
				99FF9D071A8D03E700398200 /* Main.storyboard */,
				99FF9D0A1A8D03E700398200 /* Images.xcassets */,
				99FF9D0C1A8D03E700398200 /* LaunchScreen.xib */,
				99FF9D011A8D03E700398200 /* Supporting Files */,
			);
			path = TipCalculatorClass;
			sourceTree = "<group>";
		};
		99FF9D011A8D03E700398200 /* Supporting Files */ = {
			isa = PBXGroup;
			children = (
				99FF9D021A8D03E700398200 /* Info.plist */,
			);
			name = "Supporting Files";
			sourceTree = "<group>";
		};
		99FF9D161A8D03E700398200 /* TipCalculatorClassTests */ = {
			isa = PBXGroup;
			children = (
				99FF9D191A8D03E700398200 /* TipCalculatorClassTests.swift */,
				99FF9D171A8D03E700398200 /* Supporting Files */,
			);
			path = TipCalculatorClassTests;
			sourceTree = "<group>";
		};
		99FF9D171A8D03E700398200 /* Supporting Files */ = {
			isa = PBXGroup;
			children = (
				99FF9D181A8D03E700398200 /* Info.plist */,
			);
			name = "Supporting Files";
			sourceTree = "<group>";
		};
/* End PBXGroup section */

/* Begin PBXNativeTarget section */
		99FF9CFD1A8D03E700398200 /* TipCalculatorClass */ = {
			isa = PBXNativeTarget;
			buildConfigurationList = 99FF9D1D1A8D03E700398200 /* Build configuration list for PBXNativeTarget "TipCalculatorClass" */;
			buildPhases = (
				99FF9CFA1A8D03E700398200 /* Sources */,
				99FF9CFB1A8D03E700398200 /* Frameworks */,
				99FF9CFC1A8D03E700398200 /* Resources */,
			);
			buildRules = (
			);
			dependencies = (
			);
			name = TipCalculatorClass;
			productName = TipCalculatorClass;
			productReference = 99FF9CFE1A8D03E700398200 /* TipCalculatorClass.app */;
			productType = "com.apple.product-type.application";
		};
		99FF9D121A8D03E700398200 /* TipCalculatorClassTests */ = {
			isa = PBXNativeTarget;
			buildConfigurationList = 99FF9D201A8D03E700398200 /* Build configuration list for PBXNativeTarget "TipCalculatorClassTests" */;
			buildPhases = (
				99FF9D0F1A8D03E700398200 /* Sources */,
				99FF9D101A8D03E700398200 /* Frameworks */,
				99FF9D111A8D03E700398200 /* Resources */,
			);
			buildRules = (
			);
			dependencies = (
				99FF9D151A8D03E700398200 /* PBXTargetDependency */,
			);
			name = TipCalculatorClassTests;
			productName = TipCalculatorClassTests;
			productReference = 99FF9D131A8D03E700398200 /* TipCalculatorClassTests.xctest */;
			productType = "com.apple.product-type.bundle.unit-test";
		};
/* End PBXNativeTarget section */

/* Begin PBXProject section */
		99FF9CF61A8D03E700398200 /* Project object */ = {
			isa = PBXProject;
			attributes = {
				LastUpgradeCheck = 0610;
				ORGANIZATIONNAME = "Emily L";
				TargetAttributes = {
					99FF9CFD1A8D03E700398200 = {
						CreatedOnToolsVersion = 6.1.1;
						DevelopmentTeam = 5FMP6CTQ89;
					};
					99FF9D121A8D03E700398200 = {
						CreatedOnToolsVersion = 6.1.1;
						TestTargetID = 99FF9CFD1A8D03E700398200;
					};
				};
			};
			buildConfigurationList = 99FF9CF91A8D03E700398200 /* Build configuration list for PBXProject "TipCalculatorClass" */;
			compatibilityVersion = "Xcode 3.2";
			developmentRegion = English;
			hasScannedForEncodings = 0;
			knownRegions = (
				en,
				Base,
			);
			mainGroup = 99FF9CF51A8D03E700398200;
			productRefGroup = 99FF9CFF1A8D03E700398200 /* Products */;
			projectDirPath = "";
			projectRoot = "";
			targets = (
				99FF9CFD1A8D03E700398200 /* TipCalculatorClass */,
				99FF9D121A8D03E700398200 /* TipCalculatorClassTests */,
			);
		};
/* End PBXProject section */

/* Begin PBXResourcesBuildPhase section */
		99FF9CFC1A8D03E700398200 /* Resources */ = {
			isa = PBXResourcesBuildPhase;
			buildActionMask = 2147483647;
			files = (
				99FF9D091A8D03E700398200 /* Main.storyboard in Resources */,
				99FF9D0E1A8D03E700398200 /* LaunchScreen.xib in Resources */,
				99FF9D0B1A8D03E700398200 /* Images.xcassets in Resources */,
			);
			runOnlyForDeploymentPostprocessing = 0;
		};
		99FF9D111A8D03E700398200 /* Resources */ = {
			isa = PBXResourcesBuildPhase;
			buildActionMask = 2147483647;
			files = (
			);
			runOnlyForDeploymentPostprocessing = 0;
		};
/* End PBXResourcesBuildPhase section */

/* Begin PBXSourcesBuildPhase section */
		99FF9CFA1A8D03E700398200 /* Sources */ = {
			isa = PBXSourcesBuildPhase;
			buildActionMask = 2147483647;
			files = (
				99FF9D061A8D03E700398200 /* ViewController.swift in Sources */,
				99FF9D041A8D03E700398200 /* AppDelegate.swift in Sources */,
			);
			runOnlyForDeploymentPostprocessing = 0;
		};
		99FF9D0F1A8D03E700398200 /* Sources */ = {
			isa = PBXSourcesBuildPhase;
			buildActionMask = 2147483647;
			files = (
				99FF9D1A1A8D03E700398200 /* TipCalculatorClassTests.swift in Sources */,
			);
			runOnlyForDeploymentPostprocessing = 0;
		};
/* End PBXSourcesBuildPhase section */

/* Begin PBXTargetDependency section */
		99FF9D151A8D03E700398200 /* PBXTargetDependency */ = {
			isa = PBXTargetDependency;
			target = 99FF9CFD1A8D03E700398200 /* TipCalculatorClass */;
			targetProxy = 99FF9D141A8D03E700398200 /* PBXContainerItemProxy */;
		};
/* End PBXTargetDependency section */

/* Begin PBXVariantGroup section */
		99FF9D071A8D03E700398200 /* Main.storyboard */ = {
			isa = PBXVariantGroup;
			children = (
				99FF9D081A8D03E700398200 /* Base */,
			);
			name = Main.storyboard;
			sourceTree = "<group>";
		};
		99FF9D0C1A8D03E700398200 /* LaunchScreen.xib */ = {
			isa = PBXVariantGroup;
			children = (
				99FF9D0D1A8D03E700398200 /* Base */,
			);
			name = LaunchScreen.xib;
			sourceTree = "<group>";
		};
/* End PBXVariantGroup section */

/* Begin XCBuildConfiguration section */
		99FF9D1B1A8D03E700398200 /* Debug */ = {
			isa = XCBuildConfiguration;
			buildSettings = {
				ALWAYS_SEARCH_USER_PATHS = NO;
				CLANG_CXX_LANGUAGE_STANDARD = "gnu++0x";
				CLANG_CXX_LIBRARY = "libc++";
				CLANG_ENABLE_MODULES = YES;
				CLANG_ENABLE_OBJC_ARC = YES;
				CLANG_WARN_BOOL_CONVERSION = YES;
				CLANG_WARN_CONSTANT_CONVERSION = YES;
				CLANG_WARN_DIRECT_OBJC_ISA_USAGE = YES_ERROR;
				CLANG_WARN_EMPTY_BODY = YES;
				CLANG_WARN_ENUM_CONVERSION = YES;
				CLANG_WARN_INT_CONVERSION = YES;
				CLANG_WARN_OBJC_ROOT_CLASS = YES_ERROR;
				CLANG_WARN_UNREACHABLE_CODE = YES;
				CLANG_WARN__DUPLICATE_METHOD_MATCH = YES;
				"CODE_SIGN_IDENTITY[sdk=iphoneos*]" = "iPhone Developer";
				COPY_PHASE_STRIP = NO;
				ENABLE_STRICT_OBJC_MSGSEND = YES;
				GCC_C_LANGUAGE_STANDARD = gnu99;
				GCC_DYNAMIC_NO_PIC = NO;
				GCC_OPTIMIZATION_LEVEL = 0;
				GCC_PREPROCESSOR_DEFINITIONS = (
					"DEBUG=1",
					"$(inherited)",
				);
				GCC_SYMBOLS_PRIVATE_EXTERN = NO;
				GCC_WARN_64_TO_32_BIT_CONVERSION = YES;
				GCC_WARN_ABOUT_RETURN_TYPE = YES_ERROR;
				GCC_WARN_UNDECLARED_SELECTOR = YES;
				GCC_WARN_UNINITIALIZED_AUTOS = YES_AGGRESSIVE;
				GCC_WARN_UNUSED_FUNCTION = YES;
				GCC_WARN_UNUSED_VARIABLE = YES;
				IPHONEOS_DEPLOYMENT_TARGET = 8.1;
				MTL_ENABLE_DEBUG_INFO = YES;
				ONLY_ACTIVE_ARCH = YES;
				SDKROOT = iphoneos;
				SWIFT_OPTIMIZATION_LEVEL = "-Onone";
				TARGETED_DEVICE_FAMILY = "1,2";
			};
			name = Debug;
		};
		99FF9D1C1A8D03E700398200 /* Release */ = {
			isa = XCBuildConfiguration;
			buildSettings = {
				ALWAYS_SEARCH_USER_PATHS = NO;
				CLANG_CXX_LANGUAGE_STANDARD = "gnu++0x";
				CLANG_CXX_LIBRARY = "libc++";
				CLANG_ENABLE_MODULES = YES;
				CLANG_ENABLE_OBJC_ARC = YES;
				CLANG_WARN_BOOL_CONVERSION = YES;
				CLANG_WARN_CONSTANT_CONVERSION = YES;
				CLANG_WARN_DIRECT_OBJC_ISA_USAGE = YES_ERROR;
				CLANG_WARN_EMPTY_BODY = YES;
				CLANG_WARN_ENUM_CONVERSION = YES;
				CLANG_WARN_INT_CONVERSION = YES;
				CLANG_WARN_OBJC_ROOT_CLASS = YES_ERROR;
				CLANG_WARN_UNREACHABLE_CODE = YES;
				CLANG_WARN__DUPLICATE_METHOD_MATCH = YES;
				"CODE_SIGN_IDENTITY[sdk=iphoneos*]" = "iPhone Developer";
				COPY_PHASE_STRIP = YES;
				ENABLE_NS_ASSERTIONS = NO;
				ENABLE_STRICT_OBJC_MSGSEND = YES;
				GCC_C_LANGUAGE_STANDARD = gnu99;
				GCC_WARN_64_TO_32_BIT_CONVERSION = YES;
				GCC_WARN_ABOUT_RETURN_TYPE = YES_ERROR;
				GCC_WARN_UNDECLARED_SELECTOR = YES;
				GCC_WARN_UNINITIALIZED_AUTOS = YES_AGGRESSIVE;
				GCC_WARN_UNUSED_FUNCTION = YES;
				GCC_WARN_UNUSED_VARIABLE = YES;
				IPHONEOS_DEPLOYMENT_TARGET = 8.1;
				MTL_ENABLE_DEBUG_INFO = NO;
				SDKROOT = iphoneos;
				TARGETED_DEVICE_FAMILY = "1,2";
				VALIDATE_PRODUCT = YES;
			};
			name = Release;
		};
		99FF9D1E1A8D03E700398200 /* Debug */ = {
			isa = XCBuildConfiguration;
			buildSettings = {
				ASSETCATALOG_COMPILER_APPICON_NAME = AppIcon;
				INFOPLIST_FILE = TipCalculatorClass/Info.plist;
				LD_RUNPATH_SEARCH_PATHS = "$(inherited) @executable_path/Frameworks";
				PRODUCT_NAME = "$(TARGET_NAME)";
			};
			name = Debug;
		};
		99FF9D1F1A8D03E700398200 /* Release */ = {
			isa = XCBuildConfiguration;
			buildSettings = {
				ASSETCATALOG_COMPILER_APPICON_NAME = AppIcon;
				INFOPLIST_FILE = TipCalculatorClass/Info.plist;
				LD_RUNPATH_SEARCH_PATHS = "$(inherited) @executable_path/Frameworks";
				PRODUCT_NAME = "$(TARGET_NAME)";
			};
			name = Release;
		};
		99FF9D211A8D03E700398200 /* Debug */ = {
			isa = XCBuildConfiguration;
			buildSettings = {
				BUNDLE_LOADER = "$(TEST_HOST)";
				FRAMEWORK_SEARCH_PATHS = (
					"$(SDKROOT)/Developer/Library/Frameworks",
					"$(inherited)",
				);
				GCC_PREPROCESSOR_DEFINITIONS = (
					"DEBUG=1",
					"$(inherited)",
				);
				INFOPLIST_FILE = TipCalculatorClassTests/Info.plist;
				LD_RUNPATH_SEARCH_PATHS = "$(inherited) @executable_path/Frameworks @loader_path/Frameworks";
				PRODUCT_NAME = "$(TARGET_NAME)";
				TEST_HOST = "$(BUILT_PRODUCTS_DIR)/TipCalculatorClass.app/TipCalculatorClass";
			};
			name = Debug;
		};
		99FF9D221A8D03E700398200 /* Release */ = {
			isa = XCBuildConfiguration;
			buildSettings = {
				BUNDLE_LOADER = "$(TEST_HOST)";
				FRAMEWORK_SEARCH_PATHS = (
					"$(SDKROOT)/Developer/Library/Frameworks",
					"$(inherited)",
				);
				INFOPLIST_FILE = TipCalculatorClassTests/Info.plist;
				LD_RUNPATH_SEARCH_PATHS = "$(inherited) @executable_path/Frameworks @loader_path/Frameworks";
				PRODUCT_NAME = "$(TARGET_NAME)";
				TEST_HOST = "$(BUILT_PRODUCTS_DIR)/TipCalculatorClass.app/TipCalculatorClass";
			};
			name = Release;
		};
/* End XCBuildConfiguration section */

/* Begin XCConfigurationList section */
		99FF9CF91A8D03E700398200 /* Build configuration list for PBXProject "TipCalculatorClass" */ = {
			isa = XCConfigurationList;
			buildConfigurations = (
				99FF9D1B1A8D03E700398200 /* Debug */,
				99FF9D1C1A8D03E700398200 /* Release */,
			);
			defaultConfigurationIsVisible = 0;
			defaultConfigurationName = Release;
		};
		99FF9D1D1A8D03E700398200 /* Build configuration list for PBXNativeTarget "TipCalculatorClass" */ = {
			isa = XCConfigurationList;
			buildConfigurations = (
				99FF9D1E1A8D03E700398200 /* Debug */,
				99FF9D1F1A8D03E700398200 /* Release */,
			);
			defaultConfigurationIsVisible = 0;
			defaultConfigurationName = Release;
		};
		99FF9D201A8D03E700398200 /* Build configuration list for PBXNativeTarget "TipCalculatorClassTests" */ = {
			isa = XCConfigurationList;
			buildConfigurations = (
				99FF9D211A8D03E700398200 /* Debug */,
				99FF9D221A8D03E700398200 /* Release */,
			);
			defaultConfigurationIsVisible = 0;
			defaultConfigurationName = Release;
		};
/* End XCConfigurationList section */
	};
	rootObject = 99FF9CF61A8D03E700398200 /* Project object */;
}
